langcode: en
status: true
dependencies:
  config:
    - block_content.type.az_block
    - field.storage.block_content.field_az_block
  module:
    - block_field
id: block_content.az_block.field_az_block
field_name: field_az_block
entity_type: block_content
bundle: az_block
label: az_block
description: ''
required: true
translatable: false
default_value: {  }
default_value_callback: ''
settings:
  selection: blocks
  selection_settings:
    plugin_ids:
      'menu_block:admin': 'menu_block:admin'
      'menu_block:footer': 'menu_block:footer'
      'menu_block:az-footer-information-for': 'menu_block:az-footer-information-for'
      'menu_block:az-footer-main': 'menu_block:az-footer-main'
      'menu_block:az-footer-resources': 'menu_block:az-footer-resources'
      'menu_block:az-footer-social-media': 'menu_block:az-footer-social-media'
      'menu_block:az-footer-topics': 'menu_block:az-footer-topics'
      'menu_block:main': 'menu_block:main'
      'menu_block:tools': 'menu_block:tools'
      'menu_block:az-utility-links': 'menu_block:az-utility-links'
field_type: block_field
