langcode: en
status: true
dependencies:
  module:
    - az_core
  theme:
    - az_barrio
id: az_barrio_mobilenavblock
theme: az_barrio
region: navigation_offcanvas
weight: 1
provider: null
plugin: mobile_nav_block
settings:
  id: mobile_nav_block
  label: 'Mobile Nav Block'
  label_display: '0'
  provider: az_core
visibility: {  }
