langcode: en
status: true
dependencies:
  config:
    - core.entity_view_mode.block_content.full
  module:
    - block_content
    - entity_embed
label: 'Embed Content Block'
id: az_embed_content_block
type_id: entity
type_settings:
  entity_type: block_content
  bundles: {  }
  display_plugins:
    - 'view_mode:block_content.full'
  entity_browser: ''
  entity_browser_settings: {  }
icon:
  data: iVBORw0KGgoAAAANSUhEUgAAABgAAAAYCAQAAABKfvVzAAAAMUlEQVQ4T2NgGMHgPxwGM6xG4iHDUQ3IGkIZ6rFCIjSEMmgRowHhpNVAHkJmVMOIAgAdfdraiZTr/wAAAABJRU5ErkJggg==
  uri: 'public://embed_buttons/sharp_view_quilt_black_24dp.png'
icon_uuid: null
