langcode: en
status: true
dependencies:
  config:
    - views.view.az_carousel
  module:
    - system
    - views
  theme:
    - az_barrio
id: views_block__az_carousel_front_carousel_block
theme: az_barrio
region: content_featured
weight: -8
provider: null
plugin: 'views_block:az_carousel-front_carousel_block'
settings:
  id: 'views_block:az_carousel-front_carousel_block'
  label: ''
  label_display: '0'
  provider: views
  views_label: ''
  items_per_page: null
visibility:
  request_path:
    id: request_path
    pages: '<front>'
    negate: false
